
Microsoft Visual Studio Solution File, Format Version 12.00
# Visual Studio Version 17
VisualStudioVersion = 17.4.33213.308
MinimumVisualStudioVersion = 10.0.40219.1
Project("{FAE04EC0-301F-11D3-BF4B-00C04F79EFBC}") = "Sithec2023", "Sithec2023.csproj", "{DCD5A124-8C48-40F3-93E7-ACB017887A92}"
EndProject
Global
	GlobalSection(SolutionConfigurationPlatforms) = preSolution
		Debug|Any CPU = Debug|Any CPU
		Release|Any CPU = Release|Any CPU
	EndGlobalSection
	GlobalSection(ProjectConfigurationPlatforms) = postSolution
		{DCD5A124-8C48-40F3-93E7-ACB017887A92}.Debug|Any CPU.ActiveCfg = Debug|Any CPU
		{DCD5A124-8C48-40F3-93E7-ACB017887A92}.Debug|Any CPU.Build.0 = Debug|Any CPU
		{DCD5A124-8C48-40F3-93E7-ACB017887A92}.Release|Any CPU.ActiveCfg = Release|Any CPU
		{DCD5A124-8C48-40F3-93E7-ACB017887A92}.Release|Any CPU.Build.0 = Release|Any CPU
	EndGlobalSection
	GlobalSection(SolutionProperties) = preSolution
		HideSolutionNode = FALSE
	EndGlobalSection
	GlobalSection(ExtensibilityGlobals) = postSolution
		SolutionGuid = {C8D5274E-2605-484F-957D-BC97221639FA}
	EndGlobalSection
EndGlobal
